
Microsoft Visual Studio Solution File, Format Version 12.00
# Visual Studio 2013
VisualStudioVersion = 12.0.31101.0
MinimumVisualStudioVersion = 10.0.40219.1
Project("{FAE04EC0-301F-11D3-BF4B-00C04F79EFBC}") = "OtdelLogistiki.ODataBackend", "ODataBackend/OtdelLogistiki.ODataBackend.csproj", "{4BDAEED3-8602-4360-89B7-86CFE5B35BCB}"
EndProject
Project("{FAE04EC0-301F-11D3-BF4B-00C04F79EFBC}") = "OtdelLogistiki.Objects", "Objects/OtdelLogistiki.Objects.csproj", "{4B2C6AE0-E3F9-4807-BDD4-BD9A7E8891F3}"
EndProject
Global
	GlobalSection(SolutionConfigurationPlatforms) = preSolution
Debug|Any CPU = Debug|Any CPU
Release|Any CPU = Release|Any CPU
	EndGlobalSection
	GlobalSection(ProjectConfigurationPlatforms) = postSolution
		{4BDAEED3-8602-4360-89B7-86CFE5B35BCB}.Debug|Any CPU.ActiveCfg = Debug|Any CPU
		{4BDAEED3-8602-4360-89B7-86CFE5B35BCB}.Debug|Any CPU.Build.0 = Debug|Any CPU
		{4BDAEED3-8602-4360-89B7-86CFE5B35BCB}.Release|Any CPU.ActiveCfg = Release|Any CPU
		{4BDAEED3-8602-4360-89B7-86CFE5B35BCB}.Release|Any CPU.Build.0 = Release|Any CPU
		{4B2C6AE0-E3F9-4807-BDD4-BD9A7E8891F3}.Debug|Any CPU.ActiveCfg = Debug|Any CPU
		{4B2C6AE0-E3F9-4807-BDD4-BD9A7E8891F3}.Debug|Any CPU.Build.0 = Debug|Any CPU
		{4B2C6AE0-E3F9-4807-BDD4-BD9A7E8891F3}.Release|Any CPU.ActiveCfg = Release|Any CPU
		{4B2C6AE0-E3F9-4807-BDD4-BD9A7E8891F3}.Release|Any CPU.Build.0 = Release|Any CPU
	EndGlobalSection
	GlobalSection(SolutionProperties) = preSolution
		HideSolutionNode = FALSE
	EndGlobalSection
EndGlobal
